
Microsoft Visual Studio Solution File, Format Version 12.00
# Visual Studio Version 17
VisualStudioVersion = 17.0.31717.71
MinimumVisualStudioVersion = 10.0.40219.1
Project("{9A19103F-16F7-4668-BE54-9A1E7A4F7556}") = "Subprocess.Netfx", "Subprocess.Netfx\Subprocess.Netfx.csproj", "{24F00FF0-ED19-4550-9071-78A90CB8FC12}"
EndProject
Project("{9A19103F-16F7-4668-BE54-9A1E7A4F7556}") = "SimpleProcessFramework", "SimpleProcessFramework\SimpleProcessFramework.csproj", "{6175D4E9-B76F-4541-A60D-08C07C92516E}"
	ProjectSection(ProjectDependencies) = postProject
		{5B8DC953-43AA-4AF4-A485-91501F1A7CDD} = {5B8DC953-43AA-4AF4-A485-91501F1A7CDD}
		{7D0D10C8-503C-499E-A1D2-A2096661325E} = {7D0D10C8-503C-499E-A1D2-A2096661325E}
		{24F00FF0-ED19-4550-9071-78A90CB8FC12} = {24F00FF0-ED19-4550-9071-78A90CB8FC12}
	EndProjectSection
EndProject
Project("{9A19103F-16F7-4668-BE54-9A1E7A4F7556}") = "Subprocess.Netcore", "Subprocess.Netcore\Subprocess.Netcore.csproj", "{5B8DC953-43AA-4AF4-A485-91501F1A7CDD}"
EndProject
Project("{9A19103F-16F7-4668-BE54-9A1E7A4F7556}") = "Subprocess.Netfx32", "Subprocess.Netfx32\Subprocess.Netfx32.csproj", "{7D0D10C8-503C-499E-A1D2-A2096661325E}"
EndProject
Project("{2150E333-8FDC-42A3-9474-1A3956D46DE8}") = "Main Programs", "Main Programs", "{BF6B0415-E65E-4386-8102-966676D3B405}"
EndProject
Project("{2150E333-8FDC-42A3-9474-1A3956D46DE8}") = "Tests", "Tests", "{4F437425-524F-41B3-857A-D5D47D496994}"
EndProject
Project("{2150E333-8FDC-42A3-9474-1A3956D46DE8}") = "Build Utilities", "Build Utilities", "{E4052715-734A-4669-8638-D943553F640A}"
	ProjectSection(SolutionItems) = preProject
		.editorconfig = .editorconfig
		azure-pipelines.yml = azure-pipelines.yml
		nuspec\BuildNuget.bat = nuspec\BuildNuget.bat
		Directory.Build.props = Directory.Build.props
		ManualInstallDotnet.ps1 = ManualInstallDotnet.ps1
		nuget.config = nuget.config
		nuspec\SimpleProcessFramework.Core.nuspec = nuspec\SimpleProcessFramework.Core.nuspec
		nuspec\SimpleProcessFramework.Core.targets = nuspec\SimpleProcessFramework.Core.targets
		nuspec\SimpleProcessFramework.nuspec = nuspec\SimpleProcessFramework.nuspec
		nuspec\SimpleProcessFramework.targets = nuspec\SimpleProcessFramework.targets
	EndProjectSection
EndProject
Project("{9A19103F-16F7-4668-BE54-9A1E7A4F7556}") = "Spfx.Tests", "Spfx.Tests\Spfx.Tests.csproj", "{899C18B0-E7F4-4AB6-A319-07EF357C758C}"
	ProjectSection(ProjectDependencies) = postProject
		{9B293B56-D698-45B0-8F5A-7F210A25C1FF} = {9B293B56-D698-45B0-8F5A-7F210A25C1FF}
		{3F5940C8-F75D-4904-9F2C-E81CFB981AB5} = {3F5940C8-F75D-4904-9F2C-E81CFB981AB5}
		{034013E0-5079-4297-A474-8674E4E8C523} = {034013E0-5079-4297-A474-8674E4E8C523}
		{211A90EA-2173-492A-9C25-F8C8AAF01724} = {211A90EA-2173-492A-9C25-F8C8AAF01724}
	EndProjectSection
EndProject
Project("{9A19103F-16F7-4668-BE54-9A1E7A4F7556}") = "TestApp.Netcore", "TestApp.Netcore\TestApp.Netcore.csproj", "{5A89DFE8-5732-482A-8F5F-13825152E588}"
EndProject
Project("{9A19103F-16F7-4668-BE54-9A1E7A4F7556}") = "TestApp.Netfx", "TestApp.Netfx\TestApp.Netfx.csproj", "{871F24F8-A090-4F8D-BA78-3DF3FF2663BF}"
EndProject
Project("{9A19103F-16F7-4668-BE54-9A1E7A4F7556}") = "Spfx.Pack", "nuspec\Spfx.Pack.csproj", "{3F5940C8-F75D-4904-9F2C-E81CFB981AB5}"
	ProjectSection(ProjectDependencies) = postProject
		{59454A19-421B-47A5-973B-8C07A9DFDD5A} = {59454A19-421B-47A5-973B-8C07A9DFDD5A}
		{5B8DC953-43AA-4AF4-A485-91501F1A7CDD} = {5B8DC953-43AA-4AF4-A485-91501F1A7CDD}
		{7D0D10C8-503C-499E-A1D2-A2096661325E} = {7D0D10C8-503C-499E-A1D2-A2096661325E}
		{6175D4E9-B76F-4541-A60D-08C07C92516E} = {6175D4E9-B76F-4541-A60D-08C07C92516E}
		{24F00FF0-ED19-4550-9071-78A90CB8FC12} = {24F00FF0-ED19-4550-9071-78A90CB8FC12}
	EndProjectSection
EndProject
Project("{9A19103F-16F7-4668-BE54-9A1E7A4F7556}") = "TestCustomHostExe", "TestCustomHostExe\TestCustomHostExe.csproj", "{034013E0-5079-4297-A474-8674E4E8C523}"
EndProject
Project("{9A19103F-16F7-4668-BE54-9A1E7A4F7556}") = "TestCustomHostExe32", "TestCustomHostExe32\TestCustomHostExe32.csproj", "{9B293B56-D698-45B0-8F5A-7F210A25C1FF}"
EndProject
Project("{9A19103F-16F7-4668-BE54-9A1E7A4F7556}") = "Subprocess.Netcore32", "Subprocess.Netcore32\Subprocess.Netcore32.csproj", "{59454A19-421B-47A5-973B-8C07A9DFDD5A}"
EndProject
Project("{9A19103F-16F7-4668-BE54-9A1E7A4F7556}") = "TestCustomHostDll", "TestCustomHostDll\TestCustomHostDll.csproj", "{211A90EA-2173-492A-9C25-F8C8AAF01724}"
EndProject
Global
	GlobalSection(SolutionConfigurationPlatforms) = preSolution
		Debug_NoTests|Any CPU = Debug_NoTests|Any CPU
		Debug|Any CPU = Debug|Any CPU
		Netcore_Debug_NoTests|Any CPU = Netcore_Debug_NoTests|Any CPU
		Netcore_Debug|Any CPU = Netcore_Debug|Any CPU
		Netcore_Release_NoTests|Any CPU = Netcore_Release_NoTests|Any CPU
		Netcore_Release|Any CPU = Netcore_Release|Any CPU
		Release_NoTests|Any CPU = Release_NoTests|Any CPU
		Release|Any CPU = Release|Any CPU
	EndGlobalSection
	GlobalSection(ProjectConfigurationPlatforms) = postSolution
		{24F00FF0-ED19-4550-9071-78A90CB8FC12}.Debug_NoTests|Any CPU.ActiveCfg = Debug|Any CPU
		{24F00FF0-ED19-4550-9071-78A90CB8FC12}.Debug_NoTests|Any CPU.Build.0 = Debug|Any CPU
		{24F00FF0-ED19-4550-9071-78A90CB8FC12}.Debug|Any CPU.ActiveCfg = Debug|Any CPU
		{24F00FF0-ED19-4550-9071-78A90CB8FC12}.Debug|Any CPU.Build.0 = Debug|Any CPU
		{24F00FF0-ED19-4550-9071-78A90CB8FC12}.Netcore_Debug_NoTests|Any CPU.ActiveCfg = Debug|Any CPU
		{24F00FF0-ED19-4550-9071-78A90CB8FC12}.Netcore_Debug|Any CPU.ActiveCfg = Debug|Any CPU
		{24F00FF0-ED19-4550-9071-78A90CB8FC12}.Netcore_Release_NoTests|Any CPU.ActiveCfg = Release|Any CPU
		{24F00FF0-ED19-4550-9071-78A90CB8FC12}.Netcore_Release|Any CPU.ActiveCfg = Release|Any CPU
		{24F00FF0-ED19-4550-9071-78A90CB8FC12}.Release_NoTests|Any CPU.ActiveCfg = Release|Any CPU
		{24F00FF0-ED19-4550-9071-78A90CB8FC12}.Release_NoTests|Any CPU.Build.0 = Release|Any CPU
		{24F00FF0-ED19-4550-9071-78A90CB8FC12}.Release|Any CPU.ActiveCfg = Release|Any CPU
		{24F00FF0-ED19-4550-9071-78A90CB8FC12}.Release|Any CPU.Build.0 = Release|Any CPU
		{6175D4E9-B76F-4541-A60D-08C07C92516E}.Debug_NoTests|Any CPU.ActiveCfg = Debug|Any CPU
		{6175D4E9-B76F-4541-A60D-08C07C92516E}.Debug_NoTests|Any CPU.Build.0 = Debug|Any CPU
		{6175D4E9-B76F-4541-A60D-08C07C92516E}.Debug|Any CPU.ActiveCfg = Debug|Any CPU
		{6175D4E9-B76F-4541-A60D-08C07C92516E}.Debug|Any CPU.Build.0 = Debug|Any CPU
		{6175D4E9-B76F-4541-A60D-08C07C92516E}.Netcore_Debug_NoTests|Any CPU.ActiveCfg = Netcore_Debug|Any CPU
		{6175D4E9-B76F-4541-A60D-08C07C92516E}.Netcore_Debug_NoTests|Any CPU.Build.0 = Netcore_Debug|Any CPU
		{6175D4E9-B76F-4541-A60D-08C07C92516E}.Netcore_Debug|Any CPU.ActiveCfg = Netcore_Debug|Any CPU
		{6175D4E9-B76F-4541-A60D-08C07C92516E}.Netcore_Debug|Any CPU.Build.0 = Netcore_Debug|Any CPU
		{6175D4E9-B76F-4541-A60D-08C07C92516E}.Netcore_Release_NoTests|Any CPU.ActiveCfg = Netcore_Release|Any CPU
		{6175D4E9-B76F-4541-A60D-08C07C92516E}.Netcore_Release_NoTests|Any CPU.Build.0 = Netcore_Release|Any CPU
		{6175D4E9-B76F-4541-A60D-08C07C92516E}.Netcore_Release|Any CPU.ActiveCfg = Netcore_Release|Any CPU
		{6175D4E9-B76F-4541-A60D-08C07C92516E}.Netcore_Release|Any CPU.Build.0 = Netcore_Release|Any CPU
		{6175D4E9-B76F-4541-A60D-08C07C92516E}.Release_NoTests|Any CPU.ActiveCfg = Release|Any CPU
		{6175D4E9-B76F-4541-A60D-08C07C92516E}.Release_NoTests|Any CPU.Build.0 = Release|Any CPU
		{6175D4E9-B76F-4541-A60D-08C07C92516E}.Release|Any CPU.ActiveCfg = Release|Any CPU
		{6175D4E9-B76F-4541-A60D-08C07C92516E}.Release|Any CPU.Build.0 = Release|Any CPU
		{5B8DC953-43AA-4AF4-A485-91501F1A7CDD}.Debug_NoTests|Any CPU.ActiveCfg = Debug|Any CPU
		{5B8DC953-43AA-4AF4-A485-91501F1A7CDD}.Debug_NoTests|Any CPU.Build.0 = Debug|Any CPU
		{5B8DC953-43AA-4AF4-A485-91501F1A7CDD}.Debug|Any CPU.ActiveCfg = Debug|Any CPU
		{5B8DC953-43AA-4AF4-A485-91501F1A7CDD}.Debug|Any CPU.Build.0 = Debug|Any CPU
		{5B8DC953-43AA-4AF4-A485-91501F1A7CDD}.Netcore_Debug_NoTests|Any CPU.ActiveCfg = Netcore_Debug|Any CPU
		{5B8DC953-43AA-4AF4-A485-91501F1A7CDD}.Netcore_Debug_NoTests|Any CPU.Build.0 = Netcore_Debug|Any CPU
		{5B8DC953-43AA-4AF4-A485-91501F1A7CDD}.Netcore_Debug|Any CPU.ActiveCfg = Netcore_Debug|Any CPU
		{5B8DC953-43AA-4AF4-A485-91501F1A7CDD}.Netcore_Debug|Any CPU.Build.0 = Netcore_Debug|Any CPU
		{5B8DC953-43AA-4AF4-A485-91501F1A7CDD}.Netcore_Release_NoTests|Any CPU.ActiveCfg = Netcore_Release|Any CPU
		{5B8DC953-43AA-4AF4-A485-91501F1A7CDD}.Netcore_Release_NoTests|Any CPU.Build.0 = Netcore_Release|Any CPU
		{5B8DC953-43AA-4AF4-A485-91501F1A7CDD}.Netcore_Release|Any CPU.ActiveCfg = Netcore_Release|Any CPU
		{5B8DC953-43AA-4AF4-A485-91501F1A7CDD}.Netcore_Release|Any CPU.Build.0 = Netcore_Release|Any CPU
		{5B8DC953-43AA-4AF4-A485-91501F1A7CDD}.Release_NoTests|Any CPU.ActiveCfg = Release|Any CPU
		{5B8DC953-43AA-4AF4-A485-91501F1A7CDD}.Release_NoTests|Any CPU.Build.0 = Release|Any CPU
		{5B8DC953-43AA-4AF4-A485-91501F1A7CDD}.Release|Any CPU.ActiveCfg = Release|Any CPU
		{5B8DC953-43AA-4AF4-A485-91501F1A7CDD}.Release|Any CPU.Build.0 = Release|Any CPU
		{7D0D10C8-503C-499E-A1D2-A2096661325E}.Debug_NoTests|Any CPU.ActiveCfg = Debug|Any CPU
		{7D0D10C8-503C-499E-A1D2-A2096661325E}.Debug_NoTests|Any CPU.Build.0 = Debug|Any CPU
		{7D0D10C8-503C-499E-A1D2-A2096661325E}.Debug|Any CPU.ActiveCfg = Debug|Any CPU
		{7D0D10C8-503C-499E-A1D2-A2096661325E}.Debug|Any CPU.Build.0 = Debug|Any CPU
		{7D0D10C8-503C-499E-A1D2-A2096661325E}.Netcore_Debug_NoTests|Any CPU.ActiveCfg = Debug|Any CPU
		{7D0D10C8-503C-499E-A1D2-A2096661325E}.Netcore_Debug|Any CPU.ActiveCfg = Debug|Any CPU
		{7D0D10C8-503C-499E-A1D2-A2096661325E}.Netcore_Release_NoTests|Any CPU.ActiveCfg = Release|Any CPU
		{7D0D10C8-503C-499E-A1D2-A2096661325E}.Netcore_Release|Any CPU.ActiveCfg = Release|Any CPU
		{7D0D10C8-503C-499E-A1D2-A2096661325E}.Release_NoTests|Any CPU.ActiveCfg = Release|Any CPU
		{7D0D10C8-503C-499E-A1D2-A2096661325E}.Release_NoTests|Any CPU.Build.0 = Release|Any CPU
		{7D0D10C8-503C-499E-A1D2-A2096661325E}.Release|Any CPU.ActiveCfg = Release|Any CPU
		{7D0D10C8-503C-499E-A1D2-A2096661325E}.Release|Any CPU.Build.0 = Release|Any CPU
		{899C18B0-E7F4-4AB6-A319-07EF357C758C}.Debug_NoTests|Any CPU.ActiveCfg = Debug|Any CPU
		{899C18B0-E7F4-4AB6-A319-07EF357C758C}.Debug|Any CPU.ActiveCfg = Debug|Any CPU
		{899C18B0-E7F4-4AB6-A319-07EF357C758C}.Debug|Any CPU.Build.0 = Debug|Any CPU
		{899C18B0-E7F4-4AB6-A319-07EF357C758C}.Netcore_Debug_NoTests|Any CPU.ActiveCfg = Debug|Any CPU
		{899C18B0-E7F4-4AB6-A319-07EF357C758C}.Netcore_Debug|Any CPU.ActiveCfg = Netcore_Debug|Any CPU
		{899C18B0-E7F4-4AB6-A319-07EF357C758C}.Netcore_Debug|Any CPU.Build.0 = Netcore_Debug|Any CPU
		{899C18B0-E7F4-4AB6-A319-07EF357C758C}.Netcore_Release_NoTests|Any CPU.ActiveCfg = Release|Any CPU
		{899C18B0-E7F4-4AB6-A319-07EF357C758C}.Netcore_Release|Any CPU.ActiveCfg = Netcore_Release|Any CPU
		{899C18B0-E7F4-4AB6-A319-07EF357C758C}.Netcore_Release|Any CPU.Build.0 = Netcore_Release|Any CPU
		{899C18B0-E7F4-4AB6-A319-07EF357C758C}.Release_NoTests|Any CPU.ActiveCfg = Release|Any CPU
		{899C18B0-E7F4-4AB6-A319-07EF357C758C}.Release|Any CPU.ActiveCfg = Release|Any CPU
		{899C18B0-E7F4-4AB6-A319-07EF357C758C}.Release|Any CPU.Build.0 = Release|Any CPU
		{5A89DFE8-5732-482A-8F5F-13825152E588}.Debug_NoTests|Any CPU.ActiveCfg = Debug|Any CPU
		{5A89DFE8-5732-482A-8F5F-13825152E588}.Debug|Any CPU.ActiveCfg = Debug|Any CPU
		{5A89DFE8-5732-482A-8F5F-13825152E588}.Debug|Any CPU.Build.0 = Debug|Any CPU
		{5A89DFE8-5732-482A-8F5F-13825152E588}.Netcore_Debug_NoTests|Any CPU.ActiveCfg = Debug|Any CPU
		{5A89DFE8-5732-482A-8F5F-13825152E588}.Netcore_Debug|Any CPU.ActiveCfg = Netcore_Debug|Any CPU
		{5A89DFE8-5732-482A-8F5F-13825152E588}.Netcore_Debug|Any CPU.Build.0 = Netcore_Debug|Any CPU
		{5A89DFE8-5732-482A-8F5F-13825152E588}.Netcore_Release_NoTests|Any CPU.ActiveCfg = Release|Any CPU
		{5A89DFE8-5732-482A-8F5F-13825152E588}.Netcore_Release|Any CPU.ActiveCfg = Netcore_Release|Any CPU
		{5A89DFE8-5732-482A-8F5F-13825152E588}.Netcore_Release|Any CPU.Build.0 = Netcore_Release|Any CPU
		{5A89DFE8-5732-482A-8F5F-13825152E588}.Release_NoTests|Any CPU.ActiveCfg = Release|Any CPU
		{5A89DFE8-5732-482A-8F5F-13825152E588}.Release|Any CPU.ActiveCfg = Release|Any CPU
		{5A89DFE8-5732-482A-8F5F-13825152E588}.Release|Any CPU.Build.0 = Release|Any CPU
		{871F24F8-A090-4F8D-BA78-3DF3FF2663BF}.Debug_NoTests|Any CPU.ActiveCfg = Debug|Any CPU
		{871F24F8-A090-4F8D-BA78-3DF3FF2663BF}.Debug|Any CPU.ActiveCfg = Debug|Any CPU
		{871F24F8-A090-4F8D-BA78-3DF3FF2663BF}.Debug|Any CPU.Build.0 = Debug|Any CPU
		{871F24F8-A090-4F8D-BA78-3DF3FF2663BF}.Netcore_Debug_NoTests|Any CPU.ActiveCfg = Debug|Any CPU
		{871F24F8-A090-4F8D-BA78-3DF3FF2663BF}.Netcore_Debug|Any CPU.ActiveCfg = Debug|Any CPU
		{871F24F8-A090-4F8D-BA78-3DF3FF2663BF}.Netcore_Release_NoTests|Any CPU.ActiveCfg = Release|Any CPU
		{871F24F8-A090-4F8D-BA78-3DF3FF2663BF}.Netcore_Release|Any CPU.ActiveCfg = Release|Any CPU
		{871F24F8-A090-4F8D-BA78-3DF3FF2663BF}.Release_NoTests|Any CPU.ActiveCfg = Release|Any CPU
		{871F24F8-A090-4F8D-BA78-3DF3FF2663BF}.Release|Any CPU.ActiveCfg = Release|Any CPU
		{871F24F8-A090-4F8D-BA78-3DF3FF2663BF}.Release|Any CPU.Build.0 = Release|Any CPU
		{3F5940C8-F75D-4904-9F2C-E81CFB981AB5}.Debug_NoTests|Any CPU.ActiveCfg = Debug|Any CPU
		{3F5940C8-F75D-4904-9F2C-E81CFB981AB5}.Debug_NoTests|Any CPU.Build.0 = Debug|Any CPU
		{3F5940C8-F75D-4904-9F2C-E81CFB981AB5}.Debug|Any CPU.ActiveCfg = Debug|Any CPU
		{3F5940C8-F75D-4904-9F2C-E81CFB981AB5}.Debug|Any CPU.Build.0 = Debug|Any CPU
		{3F5940C8-F75D-4904-9F2C-E81CFB981AB5}.Netcore_Debug_NoTests|Any CPU.ActiveCfg = Netcore_Debug|Any CPU
		{3F5940C8-F75D-4904-9F2C-E81CFB981AB5}.Netcore_Debug_NoTests|Any CPU.Build.0 = Netcore_Debug|Any CPU
		{3F5940C8-F75D-4904-9F2C-E81CFB981AB5}.Netcore_Debug|Any CPU.ActiveCfg = Netcore_Debug|Any CPU
		{3F5940C8-F75D-4904-9F2C-E81CFB981AB5}.Netcore_Debug|Any CPU.Build.0 = Netcore_Debug|Any CPU
		{3F5940C8-F75D-4904-9F2C-E81CFB981AB5}.Netcore_Release_NoTests|Any CPU.ActiveCfg = Netcore_Release|Any CPU
		{3F5940C8-F75D-4904-9F2C-E81CFB981AB5}.Netcore_Release_NoTests|Any CPU.Build.0 = Netcore_Release|Any CPU
		{3F5940C8-F75D-4904-9F2C-E81CFB981AB5}.Netcore_Release|Any CPU.ActiveCfg = Netcore_Release|Any CPU
		{3F5940C8-F75D-4904-9F2C-E81CFB981AB5}.Netcore_Release|Any CPU.Build.0 = Netcore_Release|Any CPU
		{3F5940C8-F75D-4904-9F2C-E81CFB981AB5}.Release_NoTests|Any CPU.ActiveCfg = Release|Any CPU
		{3F5940C8-F75D-4904-9F2C-E81CFB981AB5}.Release_NoTests|Any CPU.Build.0 = Release|Any CPU
		{3F5940C8-F75D-4904-9F2C-E81CFB981AB5}.Release|Any CPU.ActiveCfg = Release|Any CPU
		{3F5940C8-F75D-4904-9F2C-E81CFB981AB5}.Release|Any CPU.Build.0 = Release|Any CPU
		{034013E0-5079-4297-A474-8674E4E8C523}.Debug_NoTests|Any CPU.ActiveCfg = Debug_NoTests|Any CPU
		{034013E0-5079-4297-A474-8674E4E8C523}.Debug|Any CPU.ActiveCfg = Debug|Any CPU
		{034013E0-5079-4297-A474-8674E4E8C523}.Debug|Any CPU.Build.0 = Debug|Any CPU
		{034013E0-5079-4297-A474-8674E4E8C523}.Netcore_Debug_NoTests|Any CPU.ActiveCfg = Debug_NoTests|Any CPU
		{034013E0-5079-4297-A474-8674E4E8C523}.Netcore_Debug|Any CPU.ActiveCfg = Netcore_Debug|Any CPU
		{034013E0-5079-4297-A474-8674E4E8C523}.Netcore_Debug|Any CPU.Build.0 = Netcore_Debug|Any CPU
		{034013E0-5079-4297-A474-8674E4E8C523}.Netcore_Release_NoTests|Any CPU.ActiveCfg = Release_NoTests|Any CPU
		{034013E0-5079-4297-A474-8674E4E8C523}.Netcore_Release|Any CPU.ActiveCfg = Netcore_Release|Any CPU
		{034013E0-5079-4297-A474-8674E4E8C523}.Netcore_Release|Any CPU.Build.0 = Netcore_Release|Any CPU
		{034013E0-5079-4297-A474-8674E4E8C523}.Release_NoTests|Any CPU.ActiveCfg = Release_NoTests|Any CPU
		{034013E0-5079-4297-A474-8674E4E8C523}.Release|Any CPU.ActiveCfg = Release|Any CPU
		{034013E0-5079-4297-A474-8674E4E8C523}.Release|Any CPU.Build.0 = Release|Any CPU
		{9B293B56-D698-45B0-8F5A-7F210A25C1FF}.Debug_NoTests|Any CPU.ActiveCfg = Debug_NoTests|Any CPU
		{9B293B56-D698-45B0-8F5A-7F210A25C1FF}.Debug|Any CPU.ActiveCfg = Debug|Any CPU
		{9B293B56-D698-45B0-8F5A-7F210A25C1FF}.Debug|Any CPU.Build.0 = Debug|Any CPU
		{9B293B56-D698-45B0-8F5A-7F210A25C1FF}.Netcore_Debug_NoTests|Any CPU.ActiveCfg = Debug_NoTests|Any CPU
		{9B293B56-D698-45B0-8F5A-7F210A25C1FF}.Netcore_Debug|Any CPU.ActiveCfg = Netcore_Debug|Any CPU
		{9B293B56-D698-45B0-8F5A-7F210A25C1FF}.Netcore_Debug|Any CPU.Build.0 = Netcore_Debug|Any CPU
		{9B293B56-D698-45B0-8F5A-7F210A25C1FF}.Netcore_Release_NoTests|Any CPU.ActiveCfg = Release_NoTests|Any CPU
		{9B293B56-D698-45B0-8F5A-7F210A25C1FF}.Netcore_Release|Any CPU.ActiveCfg = Netcore_Release|Any CPU
		{9B293B56-D698-45B0-8F5A-7F210A25C1FF}.Netcore_Release|Any CPU.Build.0 = Netcore_Release|Any CPU
		{9B293B56-D698-45B0-8F5A-7F210A25C1FF}.Release_NoTests|Any CPU.ActiveCfg = Release_NoTests|Any CPU
		{9B293B56-D698-45B0-8F5A-7F210A25C1FF}.Release|Any CPU.ActiveCfg = Release|Any CPU
		{9B293B56-D698-45B0-8F5A-7F210A25C1FF}.Release|Any CPU.Build.0 = Release|Any CPU
		{59454A19-421B-47A5-973B-8C07A9DFDD5A}.Debug_NoTests|Any CPU.ActiveCfg = Debug|Any CPU
		{59454A19-421B-47A5-973B-8C07A9DFDD5A}.Debug_NoTests|Any CPU.Build.0 = Debug|Any CPU
		{59454A19-421B-47A5-973B-8C07A9DFDD5A}.Debug|Any CPU.ActiveCfg = Debug|Any CPU
		{59454A19-421B-47A5-973B-8C07A9DFDD5A}.Debug|Any CPU.Build.0 = Debug|Any CPU
		{59454A19-421B-47A5-973B-8C07A9DFDD5A}.Netcore_Debug_NoTests|Any CPU.ActiveCfg = Netcore_Debug|Any CPU
		{59454A19-421B-47A5-973B-8C07A9DFDD5A}.Netcore_Debug_NoTests|Any CPU.Build.0 = Netcore_Debug|Any CPU
		{59454A19-421B-47A5-973B-8C07A9DFDD5A}.Netcore_Debug|Any CPU.ActiveCfg = Netcore_Debug|Any CPU
		{59454A19-421B-47A5-973B-8C07A9DFDD5A}.Netcore_Debug|Any CPU.Build.0 = Netcore_Debug|Any CPU
		{59454A19-421B-47A5-973B-8C07A9DFDD5A}.Netcore_Release_NoTests|Any CPU.ActiveCfg = Netcore_Release|Any CPU
		{59454A19-421B-47A5-973B-8C07A9DFDD5A}.Netcore_Release_NoTests|Any CPU.Build.0 = Netcore_Release|Any CPU
		{59454A19-421B-47A5-973B-8C07A9DFDD5A}.Netcore_Release|Any CPU.ActiveCfg = Netcore_Release|Any CPU
		{59454A19-421B-47A5-973B-8C07A9DFDD5A}.Netcore_Release|Any CPU.Build.0 = Netcore_Release|Any CPU
		{59454A19-421B-47A5-973B-8C07A9DFDD5A}.Release_NoTests|Any CPU.ActiveCfg = Release|Any CPU
		{59454A19-421B-47A5-973B-8C07A9DFDD5A}.Release_NoTests|Any CPU.Build.0 = Release|Any CPU
		{59454A19-421B-47A5-973B-8C07A9DFDD5A}.Release|Any CPU.ActiveCfg = Release|Any CPU
		{59454A19-421B-47A5-973B-8C07A9DFDD5A}.Release|Any CPU.Build.0 = Release|Any CPU
		{211A90EA-2173-492A-9C25-F8C8AAF01724}.Debug_NoTests|Any CPU.ActiveCfg = Debug_NoTests|Any CPU
		{211A90EA-2173-492A-9C25-F8C8AAF01724}.Debug|Any CPU.ActiveCfg = Debug|Any CPU
		{211A90EA-2173-492A-9C25-F8C8AAF01724}.Debug|Any CPU.Build.0 = Debug|Any CPU
		{211A90EA-2173-492A-9C25-F8C8AAF01724}.Netcore_Debug_NoTests|Any CPU.ActiveCfg = Debug_NoTests|Any CPU
		{211A90EA-2173-492A-9C25-F8C8AAF01724}.Netcore_Debug|Any CPU.ActiveCfg = Netcore_Debug|Any CPU
		{211A90EA-2173-492A-9C25-F8C8AAF01724}.Netcore_Debug|Any CPU.Build.0 = Netcore_Debug|Any CPU
		{211A90EA-2173-492A-9C25-F8C8AAF01724}.Netcore_Release_NoTests|Any CPU.ActiveCfg = Release_NoTests|Any CPU
		{211A90EA-2173-492A-9C25-F8C8AAF01724}.Netcore_Release|Any CPU.ActiveCfg = Netcore_Release|Any CPU
		{211A90EA-2173-492A-9C25-F8C8AAF01724}.Netcore_Release|Any CPU.Build.0 = Netcore_Release|Any CPU
		{211A90EA-2173-492A-9C25-F8C8AAF01724}.Release_NoTests|Any CPU.ActiveCfg = Release_NoTests|Any CPU
		{211A90EA-2173-492A-9C25-F8C8AAF01724}.Release|Any CPU.ActiveCfg = Release|Any CPU
		{211A90EA-2173-492A-9C25-F8C8AAF01724}.Release|Any CPU.Build.0 = Release|Any CPU
	EndGlobalSection
	GlobalSection(SolutionProperties) = preSolution
		HideSolutionNode = FALSE
	EndGlobalSection
	GlobalSection(NestedProjects) = preSolution
		{24F00FF0-ED19-4550-9071-78A90CB8FC12} = {BF6B0415-E65E-4386-8102-966676D3B405}
		{5B8DC953-43AA-4AF4-A485-91501F1A7CDD} = {BF6B0415-E65E-4386-8102-966676D3B405}
		{7D0D10C8-503C-499E-A1D2-A2096661325E} = {BF6B0415-E65E-4386-8102-966676D3B405}
		{899C18B0-E7F4-4AB6-A319-07EF357C758C} = {4F437425-524F-41B3-857A-D5D47D496994}
		{5A89DFE8-5732-482A-8F5F-13825152E588} = {4F437425-524F-41B3-857A-D5D47D496994}
		{871F24F8-A090-4F8D-BA78-3DF3FF2663BF} = {4F437425-524F-41B3-857A-D5D47D496994}
		{3F5940C8-F75D-4904-9F2C-E81CFB981AB5} = {E4052715-734A-4669-8638-D943553F640A}
		{034013E0-5079-4297-A474-8674E4E8C523} = {BF6B0415-E65E-4386-8102-966676D3B405}
		{9B293B56-D698-45B0-8F5A-7F210A25C1FF} = {BF6B0415-E65E-4386-8102-966676D3B405}
		{59454A19-421B-47A5-973B-8C07A9DFDD5A} = {BF6B0415-E65E-4386-8102-966676D3B405}
		{211A90EA-2173-492A-9C25-F8C8AAF01724} = {BF6B0415-E65E-4386-8102-966676D3B405}
	EndGlobalSection
	GlobalSection(ExtensibilityGlobals) = postSolution
		SolutionGuid = {FE2F11E8-E6A5-4B94-BEA9-CD4D6BBA5D83}
	EndGlobalSection
EndGlobal
