
Microsoft Visual Studio Solution File, Format Version 12.00
# Visual Studio Version 16
VisualStudioVersion = 16.0.28531.58
MinimumVisualStudioVersion = 10.0.40219.1
Project("{9A19103F-16F7-4668-BE54-9A1E7A4F7556}") = "Subprocess.Netfx", "Subprocess.Netfx\Subprocess.Netfx.csproj", "{24F00FF0-ED19-4550-9071-78A90CB8FC12}"
EndProject
Project("{9A19103F-16F7-4668-BE54-9A1E7A4F7556}") = "SimpleProcessFramework", "SimpleProcessFramework\SimpleProcessFramework.csproj", "{6175D4E9-B76F-4541-A60D-08C07C92516E}"
	ProjectSection(ProjectDependencies) = postProject
		{5B8DC953-43AA-4AF4-A485-91501F1A7CDD} = {5B8DC953-43AA-4AF4-A485-91501F1A7CDD}
		{7D0D10C8-503C-499E-A1D2-A2096661325E} = {7D0D10C8-503C-499E-A1D2-A2096661325E}
		{24F00FF0-ED19-4550-9071-78A90CB8FC12} = {24F00FF0-ED19-4550-9071-78A90CB8FC12}
	EndProjectSection
EndProject
Project("{9A19103F-16F7-4668-BE54-9A1E7A4F7556}") = "Subprocess.Netcore", "Subprocess.Netcore\Subprocess.Netcore.csproj", "{5B8DC953-43AA-4AF4-A485-91501F1A7CDD}"
EndProject
Project("{9A19103F-16F7-4668-BE54-9A1E7A4F7556}") = "SimpleProcessFramework.TestApp", "TestApp\SimpleProcessFramework.TestApp.csproj", "{D7479E63-7C01-46FD-ABFB-3C021ED39BB2}"
EndProject
Project("{9A19103F-16F7-4668-BE54-9A1E7A4F7556}") = "Subprocess.Netfx32", "Subprocess.Netfx32\Subprocess.Netfx32.csproj", "{7D0D10C8-503C-499E-A1D2-A2096661325E}"
EndProject
Project("{2150E333-8FDC-42A3-9474-1A3956D46DE8}") = "Main Programs", "Main Programs", "{BF6B0415-E65E-4386-8102-966676D3B405}"
EndProject
Project("{2150E333-8FDC-42A3-9474-1A3956D46DE8}") = "Tests", "Tests", "{4F437425-524F-41B3-857A-D5D47D496994}"
EndProject
Project("{9A19103F-16F7-4668-BE54-9A1E7A4F7556}") = "SimpleProcessFramework.Tests.Netcore", "SimpleProcessFramework.Tests\SimpleProcessFramework.Tests.Netcore.csproj", "{AA06B1F1-9620-4FA8-BBBA-7734551E6BFF}"
EndProject
Project("{9A19103F-16F7-4668-BE54-9A1E7A4F7556}") = "SimpleProcessFramework.Tests.Netfx", "SimpleProcessFramework.Tests\csproj\Netfx\SimpleProcessFramework.Tests.Netfx.csproj", "{A56F55FD-D498-4CA7-AADE-0575A6068386}"
EndProject
Project("{2150E333-8FDC-42A3-9474-1A3956D46DE8}") = "Nuget", "Nuget", "{E4052715-734A-4669-8638-D943553F640A}"
	ProjectSection(SolutionItems) = preProject
		nuspec\BuildNuget.bat = nuspec\BuildNuget.bat
		nuspec\SimpleProcessFramework.nuspec = nuspec\SimpleProcessFramework.nuspec
		nuspec\SimpleProcessFramework.targets = nuspec\SimpleProcessFramework.targets
	EndProjectSection
EndProject
Project("{9A19103F-16F7-4668-BE54-9A1E7A4F7556}") = "Spfx.Tests", "Spfx.Tests\Spfx.Tests.csproj", "{899C18B0-E7F4-4AB6-A319-07EF357C758C}"
EndProject
Project("{9A19103F-16F7-4668-BE54-9A1E7A4F7556}") = "TestApp.Netcore", "TestApp.Netcore\TestApp.Netcore.csproj", "{5A89DFE8-5732-482A-8F5F-13825152E588}"
EndProject
Project("{9A19103F-16F7-4668-BE54-9A1E7A4F7556}") = "TestApp.Netfx", "TestApp.Netfx\TestApp.Netfx.csproj", "{871F24F8-A090-4F8D-BA78-3DF3FF2663BF}"
EndProject
Global
	GlobalSection(SolutionConfigurationPlatforms) = preSolution
		Debug|Any CPU = Debug|Any CPU
		Release|Any CPU = Release|Any CPU
	EndGlobalSection
	GlobalSection(ProjectConfigurationPlatforms) = postSolution
		{24F00FF0-ED19-4550-9071-78A90CB8FC12}.Debug|Any CPU.ActiveCfg = Debug|Any CPU
		{24F00FF0-ED19-4550-9071-78A90CB8FC12}.Debug|Any CPU.Build.0 = Debug|Any CPU
		{24F00FF0-ED19-4550-9071-78A90CB8FC12}.Release|Any CPU.ActiveCfg = Release|Any CPU
		{24F00FF0-ED19-4550-9071-78A90CB8FC12}.Release|Any CPU.Build.0 = Release|Any CPU
		{6175D4E9-B76F-4541-A60D-08C07C92516E}.Debug|Any CPU.ActiveCfg = Debug|Any CPU
		{6175D4E9-B76F-4541-A60D-08C07C92516E}.Debug|Any CPU.Build.0 = Debug|Any CPU
		{6175D4E9-B76F-4541-A60D-08C07C92516E}.Release|Any CPU.ActiveCfg = Release|Any CPU
		{6175D4E9-B76F-4541-A60D-08C07C92516E}.Release|Any CPU.Build.0 = Release|Any CPU
		{5B8DC953-43AA-4AF4-A485-91501F1A7CDD}.Debug|Any CPU.ActiveCfg = Debug|Any CPU
		{5B8DC953-43AA-4AF4-A485-91501F1A7CDD}.Debug|Any CPU.Build.0 = Debug|Any CPU
		{5B8DC953-43AA-4AF4-A485-91501F1A7CDD}.Release|Any CPU.ActiveCfg = Release|Any CPU
		{5B8DC953-43AA-4AF4-A485-91501F1A7CDD}.Release|Any CPU.Build.0 = Release|Any CPU
		{D7479E63-7C01-46FD-ABFB-3C021ED39BB2}.Debug|Any CPU.ActiveCfg = Debug|Any CPU
		{D7479E63-7C01-46FD-ABFB-3C021ED39BB2}.Debug|Any CPU.Build.0 = Debug|Any CPU
		{D7479E63-7C01-46FD-ABFB-3C021ED39BB2}.Release|Any CPU.ActiveCfg = Release|Any CPU
		{D7479E63-7C01-46FD-ABFB-3C021ED39BB2}.Release|Any CPU.Build.0 = Release|Any CPU
		{7D0D10C8-503C-499E-A1D2-A2096661325E}.Debug|Any CPU.ActiveCfg = Debug|Any CPU
		{7D0D10C8-503C-499E-A1D2-A2096661325E}.Debug|Any CPU.Build.0 = Debug|Any CPU
		{7D0D10C8-503C-499E-A1D2-A2096661325E}.Release|Any CPU.ActiveCfg = Release|Any CPU
		{7D0D10C8-503C-499E-A1D2-A2096661325E}.Release|Any CPU.Build.0 = Release|Any CPU
		{AA06B1F1-9620-4FA8-BBBA-7734551E6BFF}.Debug|Any CPU.ActiveCfg = Debug|Any CPU
		{AA06B1F1-9620-4FA8-BBBA-7734551E6BFF}.Debug|Any CPU.Build.0 = Debug|Any CPU
		{AA06B1F1-9620-4FA8-BBBA-7734551E6BFF}.Release|Any CPU.ActiveCfg = Release|Any CPU
		{AA06B1F1-9620-4FA8-BBBA-7734551E6BFF}.Release|Any CPU.Build.0 = Release|Any CPU
		{A56F55FD-D498-4CA7-AADE-0575A6068386}.Debug|Any CPU.ActiveCfg = Debug|Any CPU
		{A56F55FD-D498-4CA7-AADE-0575A6068386}.Debug|Any CPU.Build.0 = Debug|Any CPU
		{A56F55FD-D498-4CA7-AADE-0575A6068386}.Release|Any CPU.ActiveCfg = Release|Any CPU
		{A56F55FD-D498-4CA7-AADE-0575A6068386}.Release|Any CPU.Build.0 = Release|Any CPU
		{899C18B0-E7F4-4AB6-A319-07EF357C758C}.Debug|Any CPU.ActiveCfg = Debug|Any CPU
		{899C18B0-E7F4-4AB6-A319-07EF357C758C}.Debug|Any CPU.Build.0 = Debug|Any CPU
		{899C18B0-E7F4-4AB6-A319-07EF357C758C}.Release|Any CPU.ActiveCfg = Release|Any CPU
		{899C18B0-E7F4-4AB6-A319-07EF357C758C}.Release|Any CPU.Build.0 = Release|Any CPU
		{5A89DFE8-5732-482A-8F5F-13825152E588}.Debug|Any CPU.ActiveCfg = Debug|Any CPU
		{5A89DFE8-5732-482A-8F5F-13825152E588}.Debug|Any CPU.Build.0 = Debug|Any CPU
		{5A89DFE8-5732-482A-8F5F-13825152E588}.Release|Any CPU.ActiveCfg = Release|Any CPU
		{5A89DFE8-5732-482A-8F5F-13825152E588}.Release|Any CPU.Build.0 = Release|Any CPU
		{871F24F8-A090-4F8D-BA78-3DF3FF2663BF}.Debug|Any CPU.ActiveCfg = Debug|Any CPU
		{871F24F8-A090-4F8D-BA78-3DF3FF2663BF}.Debug|Any CPU.Build.0 = Debug|Any CPU
		{871F24F8-A090-4F8D-BA78-3DF3FF2663BF}.Release|Any CPU.ActiveCfg = Release|Any CPU
		{871F24F8-A090-4F8D-BA78-3DF3FF2663BF}.Release|Any CPU.Build.0 = Release|Any CPU
	EndGlobalSection
	GlobalSection(SolutionProperties) = preSolution
		HideSolutionNode = FALSE
	EndGlobalSection
	GlobalSection(NestedProjects) = preSolution
		{24F00FF0-ED19-4550-9071-78A90CB8FC12} = {BF6B0415-E65E-4386-8102-966676D3B405}
		{5B8DC953-43AA-4AF4-A485-91501F1A7CDD} = {BF6B0415-E65E-4386-8102-966676D3B405}
		{D7479E63-7C01-46FD-ABFB-3C021ED39BB2} = {4F437425-524F-41B3-857A-D5D47D496994}
		{7D0D10C8-503C-499E-A1D2-A2096661325E} = {BF6B0415-E65E-4386-8102-966676D3B405}
		{AA06B1F1-9620-4FA8-BBBA-7734551E6BFF} = {4F437425-524F-41B3-857A-D5D47D496994}
		{A56F55FD-D498-4CA7-AADE-0575A6068386} = {4F437425-524F-41B3-857A-D5D47D496994}
		{899C18B0-E7F4-4AB6-A319-07EF357C758C} = {4F437425-524F-41B3-857A-D5D47D496994}
		{5A89DFE8-5732-482A-8F5F-13825152E588} = {4F437425-524F-41B3-857A-D5D47D496994}
		{871F24F8-A090-4F8D-BA78-3DF3FF2663BF} = {4F437425-524F-41B3-857A-D5D47D496994}
	EndGlobalSection
	GlobalSection(ExtensibilityGlobals) = postSolution
		SolutionGuid = {FE2F11E8-E6A5-4B94-BEA9-CD4D6BBA5D83}
	EndGlobalSection
EndGlobal
